
Microsoft Visual Studio Solution File, Format Version 12.00
# Visual Studio 14
VisualStudioVersion = 14.0.25123.0
MinimumVisualStudioVersion = 10.0.40219.1
Project("{FAE04EC0-301F-11D3-BF4B-00C04F79EFBC}") = "Simplic.Dlr", "Simplic.Dlr\Simplic.Dlr.csproj", "{265E557A-EBEF-410A-976C-CB561716CFA9}"
EndProject
Project("{2150E333-8FDC-42A3-9474-1A3956D46DE8}") = "Samples", "Samples", "{36FD21E1-CC1D-42F4-93A4-CB658BD4F63B}"
EndProject
Project("{FAE04EC0-301F-11D3-BF4B-00C04F79EFBC}") = "Sample.Base", "Samples\Sample.Base\Sample.Base.csproj", "{1C9C35BC-1241-4F09-BA76-8326FFC1F225}"
EndProject
Project("{FAE04EC0-301F-11D3-BF4B-00C04F79EFBC}") = "Sample.Wrapper", "Samples\Sample.Wrapper\Sample.Wrapper.csproj", "{4436E38F-DA10-4097-ACE6-2988FA6C62CE}"
EndProject
Project("{FAE04EC0-301F-11D3-BF4B-00C04F79EFBC}") = "Sample.ImportResolver", "Samples\Sample.ImportResolver\Sample.ImportResolver.csproj", "{E7148EAC-D187-4D1A-A4C0-0627578455A4}"
EndProject
Project("{FAE04EC0-301F-11D3-BF4B-00C04F79EFBC}") = "Sample.Debugging", "Samples\Sample.Debugging\Sample.Debugging.csproj", "{94BE2374-2E26-4849-8B14-A0EA767FBBC0}"
EndProject
Project("{FAE04EC0-301F-11D3-BF4B-00C04F79EFBC}") = "Sample.StdLib", "Samples\Sample.StdLib\Sample.StdLib.csproj", "{C0CEBA2E-00AD-4937-B02D-ADFCEEAD2988}"
EndProject
Global
	GlobalSection(SolutionConfigurationPlatforms) = preSolution
		Debug|Any CPU = Debug|Any CPU
		Release|Any CPU = Release|Any CPU
	EndGlobalSection
	GlobalSection(ProjectConfigurationPlatforms) = postSolution
		{265E557A-EBEF-410A-976C-CB561716CFA9}.Debug|Any CPU.ActiveCfg = Debug|Any CPU
		{265E557A-EBEF-410A-976C-CB561716CFA9}.Debug|Any CPU.Build.0 = Debug|Any CPU
		{265E557A-EBEF-410A-976C-CB561716CFA9}.Release|Any CPU.ActiveCfg = Release|Any CPU
		{265E557A-EBEF-410A-976C-CB561716CFA9}.Release|Any CPU.Build.0 = Release|Any CPU
		{1C9C35BC-1241-4F09-BA76-8326FFC1F225}.Debug|Any CPU.ActiveCfg = Debug|Any CPU
		{1C9C35BC-1241-4F09-BA76-8326FFC1F225}.Debug|Any CPU.Build.0 = Debug|Any CPU
		{1C9C35BC-1241-4F09-BA76-8326FFC1F225}.Release|Any CPU.ActiveCfg = Release|Any CPU
		{1C9C35BC-1241-4F09-BA76-8326FFC1F225}.Release|Any CPU.Build.0 = Release|Any CPU
		{4436E38F-DA10-4097-ACE6-2988FA6C62CE}.Debug|Any CPU.ActiveCfg = Debug|Any CPU
		{4436E38F-DA10-4097-ACE6-2988FA6C62CE}.Debug|Any CPU.Build.0 = Debug|Any CPU
		{4436E38F-DA10-4097-ACE6-2988FA6C62CE}.Release|Any CPU.ActiveCfg = Release|Any CPU
		{4436E38F-DA10-4097-ACE6-2988FA6C62CE}.Release|Any CPU.Build.0 = Release|Any CPU
		{E7148EAC-D187-4D1A-A4C0-0627578455A4}.Debug|Any CPU.ActiveCfg = Debug|Any CPU
		{E7148EAC-D187-4D1A-A4C0-0627578455A4}.Debug|Any CPU.Build.0 = Debug|Any CPU
		{E7148EAC-D187-4D1A-A4C0-0627578455A4}.Release|Any CPU.ActiveCfg = Release|Any CPU
		{E7148EAC-D187-4D1A-A4C0-0627578455A4}.Release|Any CPU.Build.0 = Release|Any CPU
		{94BE2374-2E26-4849-8B14-A0EA767FBBC0}.Debug|Any CPU.ActiveCfg = Debug|Any CPU
		{94BE2374-2E26-4849-8B14-A0EA767FBBC0}.Debug|Any CPU.Build.0 = Debug|Any CPU
		{94BE2374-2E26-4849-8B14-A0EA767FBBC0}.Release|Any CPU.ActiveCfg = Release|Any CPU
		{94BE2374-2E26-4849-8B14-A0EA767FBBC0}.Release|Any CPU.Build.0 = Release|Any CPU
		{C0CEBA2E-00AD-4937-B02D-ADFCEEAD2988}.Debug|Any CPU.ActiveCfg = Debug|Any CPU
		{C0CEBA2E-00AD-4937-B02D-ADFCEEAD2988}.Debug|Any CPU.Build.0 = Debug|Any CPU
		{C0CEBA2E-00AD-4937-B02D-ADFCEEAD2988}.Release|Any CPU.ActiveCfg = Release|Any CPU
		{C0CEBA2E-00AD-4937-B02D-ADFCEEAD2988}.Release|Any CPU.Build.0 = Release|Any CPU
	EndGlobalSection
	GlobalSection(SolutionProperties) = preSolution
		HideSolutionNode = FALSE
	EndGlobalSection
	GlobalSection(NestedProjects) = preSolution
		{1C9C35BC-1241-4F09-BA76-8326FFC1F225} = {36FD21E1-CC1D-42F4-93A4-CB658BD4F63B}
		{4436E38F-DA10-4097-ACE6-2988FA6C62CE} = {36FD21E1-CC1D-42F4-93A4-CB658BD4F63B}
		{E7148EAC-D187-4D1A-A4C0-0627578455A4} = {36FD21E1-CC1D-42F4-93A4-CB658BD4F63B}
		{94BE2374-2E26-4849-8B14-A0EA767FBBC0} = {36FD21E1-CC1D-42F4-93A4-CB658BD4F63B}
		{C0CEBA2E-00AD-4937-B02D-ADFCEEAD2988} = {36FD21E1-CC1D-42F4-93A4-CB658BD4F63B}
	EndGlobalSection
EndGlobal
